hash: 4e5ad2693621b766c7c3760b4e48a6c46c8ab09b461969e9f990694c861dd4cf
updated: 2016-07-28T16:09:07.02407533-05:00
imports:
- name: github.com/cockroachdb/c-jemalloc
  version: 9716a86928311cee3633f1773035ce9f0cf9f9e9
- name: github.com/cockroachdb/c-lz4
  version: 834d3303c9e84b1045bc57c3eb3723ee8cb4d33b
- name: github.com/cockroachdb/c-rocksdb
  version: ab57b321a358f4c93fb639331ac3e10911649492
- name: github.com/cockroachdb/c-snappy
  version: d4e7b428fe7fc09e93573df3448567a62df8c9fa
- name: github.com/davecgh/go-spew
  version: 5215b55f46b2b919f50a1df0eaa5886afe4e3b3d
  subpackages:
  - spew
- name: github.com/dustin/go-humanize
  version: 2fcb5204cdc65b4bec9fd0a87606bb0d0e3c54e8
- name: github.com/getlantern/byteexec
  version: 431d6edd2151495029d77e1c510affa5d89fe168
- name: github.com/getlantern/bytemap
  version: 863b456d121980128df27b85b22b58857d53ee16
- name: github.com/getlantern/context
  version: 624d99b1798d7c5375ea1d3ca4c5b04d58f7c775
- name: github.com/getlantern/errors
  version: 2cb9490e9d7173de46312139267791c8115f5e10
- name: github.com/getlantern/eventual
  version: a1db8f0cde49e1f2a0cbf34879011e5eceeaac67
- name: github.com/getlantern/filepersist
  version: c5f0cd24e7991579ba6f5f1bd20a1ad2c9f06cd4
- name: github.com/getlantern/golog
  version: 00277a46b6a621ee8868060f5bd4b0173d452c7b
- name: github.com/getlantern/hex
  version: 083fba3033ad473db3dd31c9bb368473d37581a7
- name: github.com/getlantern/hidden
  version: d52a649ab33af200943bb599898dbdcfdbc94cb7
- name: github.com/getlantern/keyman
  version: 068a9b24f9af425a6f662a8fe5dcc032e4001897
  subpackages:
  - certimporter
- name: github.com/getlantern/ops
  version: b70875f5d689a9438bca72aefd7142a2af889b18
- name: github.com/getlantern/stack
  version: 02f928aad224fbccd50d66edd776fc9d1e9f2f2b
- name: github.com/getlantern/tdb
  version: d45a99e271f8e1c2f826fb14d0ed66b03bfa6810
  subpackages:
  - expr
  - sql
- name: github.com/getlantern/tlsdefaults
  version: abd866d3287cc5c24175a5773997138d15b61889
- name: github.com/getlantern/vtime
  version: e2d275c94c8d25a2e4117d881dbab3f96ee93604
- name: github.com/getlantern/yaml
  version: 97d86b60f57eeca9d70c02763ed2565bafc17585
- name: github.com/Knetic/govaluate
  version: 911d920323b6b25389d34eef0b04cfbdf90a0fbf
- name: github.com/oxtoacart/bpool
  version: 4e1c5567d7c2dd59fa4c7c83d34c2f3528b025d6
- name: github.com/oxtoacart/sqlparser
  version: 4199a3f1dc365d5ce25b0884b4e33666b89ba169
- name: github.com/robertkrimen/otto
  version: c41cf547e08c4a88c36859766ece30dd178d7bc1
  subpackages:
  - ast
  - dbg
  - file
  - parser
  - registry
  - token
- name: github.com/spaolacci/murmur3
  version: 0d12bf811670bf6a1a63828dfbd003eded177fce
- name: github.com/stretchr/testify
  version: d77da356e56a7428ad25149ca77381849a6a5232
  subpackages:
  - assert
- name: github.com/tecbot/gorocksdb
  version: ada6b3b32ebde5d5ea0fa363a0327082361d5873
- name: github.com/vharitonsky/iniflags
  version: 743d6901e7ca8ab61ac533a8c49939ac8b560e72
- name: github.com/xwb1989/sqlparser
  version: dbfc8580724c42e86a20e9586b75a65b806cd88b
  subpackages:
  - dependency/sqltypes
  - dependency/bson
  - dependency/bytes2
  - dependency/hack
- name: gopkg.in/readline.v1
  version: 62c6fe6193755f722b8b8788aa7357be55a50ff1
- name: gopkg.in/sourcemap.v1
  version: 8cd1e2e0ddc78dcb4511bcb184d23171bed15c67
  subpackages:
  - base64vlq
devImports: []
